lockfileVersion: 5.4

importers:

  .:
    specifiers:
      prettier: 3.2.5
      turbo: 2.0.12
      typescript: 5.4.5
    devDependencies:
      prettier: 3.2.5
      turbo: 2.0.12
      typescript: 5.4.5

packages:

  /prettier/3.2.5:
    resolution: {integrity: sha512-3/GWa9aOC0YeD7LUfvOG2NiDyhOWRvt1k+rcKhOuYnMY24iiCphgneUfJDyFXd6rZCAnuLBv6UeAULtrhT/F4A==}
    engines: {node: '>=14'}
    hasBin: true
    dev: true

  /turbo-darwin-64/2.0.12:
    resolution: {integrity: sha512-NAgfgbXxX/JScWQmmQnGbPuFZq7LIswHfcMk5JwyBXQM/xmklNOxxac7MnGGIOf19Z2f6S3qHy17VIj0SeGfnA==}
    cpu: [x64]
    os: [darwin]
    requiresBuild: true
    dev: true
    optional: true

  /turbo-darwin-arm64/2.0.12:
    resolution: {integrity: sha512-cP02uer5KSJ+fXL+OfRRk5hnVjV0c60hxDgNcJxrZpfhun7HHoKDDR7w2xhQntiA45aC6ZZEXRqMKpj6GAmKbg==}
    cpu: [arm64]
    os: [darwin]
    requiresBuild: true
    dev: true
    optional: true

  /turbo-linux-64/2.0.12:
    resolution: {integrity: sha512-+mQgGfg1eq5qF+wenK/FKJaNMNAo5DQLC4htQy+8osW+fx6U+8+6UlPQPaycAWDEqwOI7NwuqkeHfkEQLQUTyQ==}
    cpu: [x64]
    os: [linux]
    requiresBuild: true
    dev: true
    optional: true

  /turbo-linux-arm64/2.0.12:
    resolution: {integrity: sha512-KFyEZDXfPU1DK4zimxdCcqAcK7IIttX4mfsgB7NsSEOmH0dhHOih/YFYiyEDC1lTRx0C2RlzQ0Kjjdz48AN5Eg==}
    cpu: [arm64]
    os: [linux]
    requiresBuild: true
    dev: true
    optional: true

  /turbo-windows-64/2.0.12:
    resolution: {integrity: sha512-kJj4KCkZTkDTDCqsSw1m1dbO4WeoQq1mYUm/thXOH0OkeqYbSMt0EyoTcJOgKUDsrMnzZD2gPfYrlYHtV69lVA==}
    cpu: [x64]
    os: [win32]
    requiresBuild: true
    dev: true
    optional: true

  /turbo-windows-arm64/2.0.12:
    resolution: {integrity: sha512-TY3ROxguDilN2olCwcZMaePdW01Xhma0pZU7bNhsQEqca9RGAmsZBuzfGnTMcWPmv4tpnb/PlX1hrt1Hod/44Q==}
    cpu: [arm64]
    os: [win32]
    requiresBuild: true
    dev: true
    optional: true

  /turbo/2.0.12:
    resolution: {integrity: sha512-8s2KwqjwQj7z8Z53SUZSKVkQOZ2/Sl4D2F440oaBY/k2lGju60dW6srEpnn8/RIDeICZmQn3pQHF79Jfnc5Skw==}
    hasBin: true
    optionalDependencies:
      turbo-darwin-64: 2.0.12
      turbo-darwin-arm64: 2.0.12
      turbo-linux-64: 2.0.12
      turbo-linux-arm64: 2.0.12
      turbo-windows-64: 2.0.12
      turbo-windows-arm64: 2.0.12
    dev: true

  /typescript/5.4.5:
    resolution: {integrity: sha512-vcI4UpRgg81oIRUFwR0WSIHKt11nJ7SAVlYNIu+QpqeyXP+gpQJy/Z4+F0aGxSE4MqwjyXvW/TzgkLAx2AGHwQ==}
    engines: {node: '>=14.17'}
    hasBin: true
    dev: true
